
Microsoft Visual Studio Solution File, Format Version 12.00
# Visual Studio Version 17
VisualStudioVersion = 17.0.31903.59
MinimumVisualStudioVersion = 10.0.40219.1
Project("{FAE04EC0-301F-11D3-BF4B-00C04F79EFBC}") = "DBDoc", "DBDoc\DBDoc.csproj", "{C4B7AADE-50DD-4B2E-9F10-3E1F26946DC3}"
EndProject
Project("{FAE04EC0-301F-11D3-BF4B-00C04F79EFBC}") = "DBDoc.Doc.Excel", "DBDoc.Doc.Excel\DBDoc.Doc.Excel.csproj", "{78E39853-E938-4ACC-90DD-F17E42B1A8B7}"
EndProject
Project("{FAE04EC0-301F-11D3-BF4B-00C04F79EFBC}") = "DBDoc.DB.SqlServer", "DBDoc.DB.SqlServer\DBDoc.DB.SqlServer.csproj", "{D580B964-FDFF-4305-8AD2-B401216DFDB4}"
EndProject
Project("{FAE04EC0-301F-11D3-BF4B-00C04F79EFBC}") = "DBDoc.DB.MySql", "DBDoc.DB.MySql\DBDoc.DB.MySql.csproj", "{A5B6FF85-D82C-4FE7-BF5B-4FF8F57AAA60}"
EndProject
Project("{FAE04EC0-301F-11D3-BF4B-00C04F79EFBC}") = "DBDoc.Doc.Word", "DBDoc.Doc.Word\DBDoc.Doc.Word.csproj", "{C624A080-5070-4B4C-8ACB-8E85380F6D6D}"
EndProject
Project("{2150E333-8FDC-42A3-9474-1A3956D46DE8}") = "Core", "Core", "{46C10C9E-C174-4BE7-B523-0ED53CAEEDCF}"
EndProject
Project("{2150E333-8FDC-42A3-9474-1A3956D46DE8}") = "DB", "DB", "{A8FE7B96-D033-44DC-810B-302B48D8C557}"
EndProject
Project("{2150E333-8FDC-42A3-9474-1A3956D46DE8}") = "Doc", "Doc", "{D1602FF2-B547-4ACA-9964-145E1A304EC8}"
EndProject
Project("{2150E333-8FDC-42A3-9474-1A3956D46DE8}") = "UI", "UI", "{E416F2A7-6683-4202-9BFB-A286785BAE1A}"
EndProject
Project("{FAE04EC0-301F-11D3-BF4B-00C04F79EFBC}") = "DBDoc.Console", "DBDoc.Console\DBDoc.Console.csproj", "{487C904A-CDBE-40C8-AA25-904173F3A3A9}"
EndProject
Project("{FAE04EC0-301F-11D3-BF4B-00C04F79EFBC}") = "DBDoc.DB.Postgres", "DBDoc.DB.Postgres\DBDoc.DB.Postgres.csproj", "{1B352902-B5A1-4CF5-9C68-4A0EC37027E8}"
EndProject
Global
	GlobalSection(SolutionConfigurationPlatforms) = preSolution
		Debug|Any CPU = Debug|Any CPU
		Release|Any CPU = Release|Any CPU
	EndGlobalSection
	GlobalSection(ProjectConfigurationPlatforms) = postSolution
		{C4B7AADE-50DD-4B2E-9F10-3E1F26946DC3}.Debug|Any CPU.ActiveCfg = Debug|Any CPU
		{C4B7AADE-50DD-4B2E-9F10-3E1F26946DC3}.Debug|Any CPU.Build.0 = Debug|Any CPU
		{C4B7AADE-50DD-4B2E-9F10-3E1F26946DC3}.Release|Any CPU.ActiveCfg = Release|Any CPU
		{C4B7AADE-50DD-4B2E-9F10-3E1F26946DC3}.Release|Any CPU.Build.0 = Release|Any CPU
		{78E39853-E938-4ACC-90DD-F17E42B1A8B7}.Debug|Any CPU.ActiveCfg = Debug|Any CPU
		{78E39853-E938-4ACC-90DD-F17E42B1A8B7}.Debug|Any CPU.Build.0 = Debug|Any CPU
		{78E39853-E938-4ACC-90DD-F17E42B1A8B7}.Release|Any CPU.ActiveCfg = Release|Any CPU
		{78E39853-E938-4ACC-90DD-F17E42B1A8B7}.Release|Any CPU.Build.0 = Release|Any CPU
		{D580B964-FDFF-4305-8AD2-B401216DFDB4}.Debug|Any CPU.ActiveCfg = Debug|Any CPU
		{D580B964-FDFF-4305-8AD2-B401216DFDB4}.Debug|Any CPU.Build.0 = Debug|Any CPU
		{D580B964-FDFF-4305-8AD2-B401216DFDB4}.Release|Any CPU.ActiveCfg = Release|Any CPU
		{D580B964-FDFF-4305-8AD2-B401216DFDB4}.Release|Any CPU.Build.0 = Release|Any CPU
		{A5B6FF85-D82C-4FE7-BF5B-4FF8F57AAA60}.Debug|Any CPU.ActiveCfg = Debug|Any CPU
		{A5B6FF85-D82C-4FE7-BF5B-4FF8F57AAA60}.Debug|Any CPU.Build.0 = Debug|Any CPU
		{A5B6FF85-D82C-4FE7-BF5B-4FF8F57AAA60}.Release|Any CPU.ActiveCfg = Release|Any CPU
		{A5B6FF85-D82C-4FE7-BF5B-4FF8F57AAA60}.Release|Any CPU.Build.0 = Release|Any CPU
		{C624A080-5070-4B4C-8ACB-8E85380F6D6D}.Debug|Any CPU.ActiveCfg = Debug|Any CPU
		{C624A080-5070-4B4C-8ACB-8E85380F6D6D}.Debug|Any CPU.Build.0 = Debug|Any CPU
		{C624A080-5070-4B4C-8ACB-8E85380F6D6D}.Release|Any CPU.ActiveCfg = Release|Any CPU
		{C624A080-5070-4B4C-8ACB-8E85380F6D6D}.Release|Any CPU.Build.0 = Release|Any CPU
		{487C904A-CDBE-40C8-AA25-904173F3A3A9}.Debug|Any CPU.ActiveCfg = Debug|Any CPU
		{487C904A-CDBE-40C8-AA25-904173F3A3A9}.Debug|Any CPU.Build.0 = Debug|Any CPU
		{487C904A-CDBE-40C8-AA25-904173F3A3A9}.Release|Any CPU.ActiveCfg = Release|Any CPU
		{487C904A-CDBE-40C8-AA25-904173F3A3A9}.Release|Any CPU.Build.0 = Release|Any CPU
		{1B352902-B5A1-4CF5-9C68-4A0EC37027E8}.Debug|Any CPU.ActiveCfg = Debug|Any CPU
		{1B352902-B5A1-4CF5-9C68-4A0EC37027E8}.Debug|Any CPU.Build.0 = Debug|Any CPU
		{1B352902-B5A1-4CF5-9C68-4A0EC37027E8}.Release|Any CPU.ActiveCfg = Release|Any CPU
		{1B352902-B5A1-4CF5-9C68-4A0EC37027E8}.Release|Any CPU.Build.0 = Release|Any CPU
	EndGlobalSection
	GlobalSection(SolutionProperties) = preSolution
		HideSolutionNode = FALSE
	EndGlobalSection
	GlobalSection(NestedProjects) = preSolution
		{C4B7AADE-50DD-4B2E-9F10-3E1F26946DC3} = {46C10C9E-C174-4BE7-B523-0ED53CAEEDCF}
		{78E39853-E938-4ACC-90DD-F17E42B1A8B7} = {D1602FF2-B547-4ACA-9964-145E1A304EC8}
		{D580B964-FDFF-4305-8AD2-B401216DFDB4} = {A8FE7B96-D033-44DC-810B-302B48D8C557}
		{A5B6FF85-D82C-4FE7-BF5B-4FF8F57AAA60} = {A8FE7B96-D033-44DC-810B-302B48D8C557}
		{C624A080-5070-4B4C-8ACB-8E85380F6D6D} = {D1602FF2-B547-4ACA-9964-145E1A304EC8}
		{487C904A-CDBE-40C8-AA25-904173F3A3A9} = {E416F2A7-6683-4202-9BFB-A286785BAE1A}
		{1B352902-B5A1-4CF5-9C68-4A0EC37027E8} = {A8FE7B96-D033-44DC-810B-302B48D8C557}
	EndGlobalSection
	GlobalSection(ExtensibilityGlobals) = postSolution
		SolutionGuid = {7417AA36-1DCB-4830-9FBB-7CBBBE03E775}
	EndGlobalSection
EndGlobal
